# This file is automatically @generated by Cargo.
# It is not intended for manual editing.
version = 4

[[package]]
name = "millet-asm"
version = "0.1.0"
dependencies = [
 "millet-core",
]

[[package]]
name = "millet-core"
version = "0.1.0"

[[package]]
name = "millet-sim"
version = "0.1.0"
dependencies = [
 "millet-asm",
 "millet-core",
]
